
Microsoft Visual Studio Solution File, Format Version 12.00
# Visual Studio Version 17
VisualStudioVersion = 17.4.33213.308
MinimumVisualStudioVersion = 10.0.40219.1
Project("{9A19103F-16F7-4668-BE54-9A1E7A4F7556}") = "Labb-2-webb.Server", "Labb-2-webb\Server\Labb-2-webb.Server.csproj", "{62009D28-EBFB-4302-9295-FE7C4DE8D45C}"
EndProject
Project("{9A19103F-16F7-4668-BE54-9A1E7A4F7556}") = "Labb-2-webb.Client", "Labb-2-webb\Client\Labb-2-webb.Client.csproj", "{38899D79-D1C3-4292-BB86-AB5C32A28D24}"
EndProject
Project("{9A19103F-16F7-4668-BE54-9A1E7A4F7556}") = "Labb-2-webb.Shared", "Labb-2-webb\Shared\Labb-2-webb.Shared.csproj", "{97BCE166-37E6-4916-A0AA-1B7C8CC911C9}"
EndProject
Project("{2150E333-8FDC-42A3-9474-1A3956D46DE8}") = "Client", "Client", "{463CF646-338C-4B7B-B6CC-2E00EC7BB8C1}"
EndProject
Project("{2150E333-8FDC-42A3-9474-1A3956D46DE8}") = "Server", "Server", "{828745B0-AC3C-467B-9F5F-51815DE13DB6}"
EndProject
Project("{2150E333-8FDC-42A3-9474-1A3956D46DE8}") = "Shared", "Shared", "{1A34A8D4-5176-447E-A50A-2296DA0A289E}"
EndProject
Global
	GlobalSection(SolutionConfigurationPlatforms) = preSolution
		Debug|Any CPU = Debug|Any CPU
		Release|Any CPU = Release|Any CPU
	EndGlobalSection
	GlobalSection(ProjectConfigurationPlatforms) = postSolution
		{62009D28-EBFB-4302-9295-FE7C4DE8D45C}.Debug|Any CPU.ActiveCfg = Debug|Any CPU
		{62009D28-EBFB-4302-9295-FE7C4DE8D45C}.Debug|Any CPU.Build.0 = Debug|Any CPU
		{62009D28-EBFB-4302-9295-FE7C4DE8D45C}.Release|Any CPU.ActiveCfg = Release|Any CPU
		{62009D28-EBFB-4302-9295-FE7C4DE8D45C}.Release|Any CPU.Build.0 = Release|Any CPU
		{38899D79-D1C3-4292-BB86-AB5C32A28D24}.Debug|Any CPU.ActiveCfg = Debug|Any CPU
		{38899D79-D1C3-4292-BB86-AB5C32A28D24}.Debug|Any CPU.Build.0 = Debug|Any CPU
		{38899D79-D1C3-4292-BB86-AB5C32A28D24}.Release|Any CPU.ActiveCfg = Release|Any CPU
		{38899D79-D1C3-4292-BB86-AB5C32A28D24}.Release|Any CPU.Build.0 = Release|Any CPU
		{97BCE166-37E6-4916-A0AA-1B7C8CC911C9}.Debug|Any CPU.ActiveCfg = Debug|Any CPU
		{97BCE166-37E6-4916-A0AA-1B7C8CC911C9}.Debug|Any CPU.Build.0 = Debug|Any CPU
		{97BCE166-37E6-4916-A0AA-1B7C8CC911C9}.Release|Any CPU.ActiveCfg = Release|Any CPU
		{97BCE166-37E6-4916-A0AA-1B7C8CC911C9}.Release|Any CPU.Build.0 = Release|Any CPU
	EndGlobalSection
	GlobalSection(SolutionProperties) = preSolution
		HideSolutionNode = FALSE
	EndGlobalSection
	GlobalSection(NestedProjects) = preSolution
		{62009D28-EBFB-4302-9295-FE7C4DE8D45C} = {828745B0-AC3C-467B-9F5F-51815DE13DB6}
		{38899D79-D1C3-4292-BB86-AB5C32A28D24} = {463CF646-338C-4B7B-B6CC-2E00EC7BB8C1}
		{97BCE166-37E6-4916-A0AA-1B7C8CC911C9} = {1A34A8D4-5176-447E-A50A-2296DA0A289E}
	EndGlobalSection
	GlobalSection(ExtensibilityGlobals) = postSolution
		SolutionGuid = {535D31A4-D7E4-4A06-9488-91041012C1C5}
	EndGlobalSection
EndGlobal
